
Microsoft Visual Studio Solution File, Format Version 12.00
# Visual Studio 2013
VisualStudioVersion = 12.0.31101.0
MinimumVisualStudioVersion = 10.0.40219.1
Project("{FAE04EC0-301F-11D3-BF4B-00C04F79EFBC}") = "Problem 1. Square Root", "Problem 1. Square Root\Problem 1. Square Root.csproj", "{456B69CA-A146-498C-9F67-B55D780714FE}"
EndProject
Project("{FAE04EC0-301F-11D3-BF4B-00C04F79EFBC}") = "Problem 2. Enter Numbers", "Problem 2. Enter Numbers\Problem 2. Enter Numbers.csproj", "{02B8E3D8-6D1A-4CEE-B377-E6DD1ED46DB6}"
EndProject
Global
	GlobalSection(SolutionConfigurationPlatforms) = preSolution
		Debug|Any CPU = Debug|Any CPU
		Release|Any CPU = Release|Any CPU
	EndGlobalSection
	GlobalSection(ProjectConfigurationPlatforms) = postSolution
		{456B69CA-A146-498C-9F67-B55D780714FE}.Debug|Any CPU.ActiveCfg = Debug|Any CPU
		{456B69CA-A146-498C-9F67-B55D780714FE}.Debug|Any CPU.Build.0 = Debug|Any CPU
		{456B69CA-A146-498C-9F67-B55D780714FE}.Release|Any CPU.ActiveCfg = Release|Any CPU
		{456B69CA-A146-498C-9F67-B55D780714FE}.Release|Any CPU.Build.0 = Release|Any CPU
		{02B8E3D8-6D1A-4CEE-B377-E6DD1ED46DB6}.Debug|Any CPU.ActiveCfg = Debug|Any CPU
		{02B8E3D8-6D1A-4CEE-B377-E6DD1ED46DB6}.Debug|Any CPU.Build.0 = Debug|Any CPU
		{02B8E3D8-6D1A-4CEE-B377-E6DD1ED46DB6}.Release|Any CPU.ActiveCfg = Release|Any CPU
		{02B8E3D8-6D1A-4CEE-B377-E6DD1ED46DB6}.Release|Any CPU.Build.0 = Release|Any CPU
	EndGlobalSection
	GlobalSection(SolutionProperties) = preSolution
		HideSolutionNode = FALSE
	EndGlobalSection
EndGlobal
