
Microsoft Visual Studio Solution File, Format Version 12.00
# Visual Studio 2013
VisualStudioVersion = 12.0.31101.0
MinimumVisualStudioVersion = 10.0.40219.1
Project("{FAE04EC0-301F-11D3-BF4B-00C04F79EFBC}") = "Problem 1. Interest Calculator", "Problem 1. Interest Calculator\Problem 1. Interest Calculator.csproj", "{7F80ABBE-F09F-4A39-B1C2-9A30EE133433}"
EndProject
Project("{FAE04EC0-301F-11D3-BF4B-00C04F79EFBC}") = "Problem 2. Asynchronous Timer", "Problem 2. Asynchronous Timer\Problem 2. Asynchronous Timer.csproj", "{27D254E6-B5B2-44DF-B288-A787E85CB756}"
EndProject
Project("{FAE04EC0-301F-11D3-BF4B-00C04F79EFBC}") = "Problem 3. Student Class", "Problem 3. Student Class\Problem 3. Student Class.csproj", "{B5B3EF64-0694-4453-B193-931818A01969}"
EndProject
Global
	GlobalSection(SolutionConfigurationPlatforms) = preSolution
		Debug|Any CPU = Debug|Any CPU
		Release|Any CPU = Release|Any CPU
	EndGlobalSection
	GlobalSection(ProjectConfigurationPlatforms) = postSolution
		{7F80ABBE-F09F-4A39-B1C2-9A30EE133433}.Debug|Any CPU.ActiveCfg = Debug|Any CPU
		{7F80ABBE-F09F-4A39-B1C2-9A30EE133433}.Debug|Any CPU.Build.0 = Debug|Any CPU
		{7F80ABBE-F09F-4A39-B1C2-9A30EE133433}.Release|Any CPU.ActiveCfg = Release|Any CPU
		{7F80ABBE-F09F-4A39-B1C2-9A30EE133433}.Release|Any CPU.Build.0 = Release|Any CPU
		{27D254E6-B5B2-44DF-B288-A787E85CB756}.Debug|Any CPU.ActiveCfg = Debug|Any CPU
		{27D254E6-B5B2-44DF-B288-A787E85CB756}.Debug|Any CPU.Build.0 = Debug|Any CPU
		{27D254E6-B5B2-44DF-B288-A787E85CB756}.Release|Any CPU.ActiveCfg = Release|Any CPU
		{27D254E6-B5B2-44DF-B288-A787E85CB756}.Release|Any CPU.Build.0 = Release|Any CPU
		{B5B3EF64-0694-4453-B193-931818A01969}.Debug|Any CPU.ActiveCfg = Debug|Any CPU
		{B5B3EF64-0694-4453-B193-931818A01969}.Debug|Any CPU.Build.0 = Debug|Any CPU
		{B5B3EF64-0694-4453-B193-931818A01969}.Release|Any CPU.ActiveCfg = Release|Any CPU
		{B5B3EF64-0694-4453-B193-931818A01969}.Release|Any CPU.Build.0 = Release|Any CPU
	EndGlobalSection
	GlobalSection(SolutionProperties) = preSolution
		HideSolutionNode = FALSE
	EndGlobalSection
EndGlobal
